
Microsoft Visual Studio Solution File, Format Version 12.00
# Visual Studio 14
VisualStudioVersion = 14.0.25420.1
MinimumVisualStudioVersion = 10.0.40219.1
Project("{8BC9CEB8-8B4A-11D0-8D11-00A0C91BC942}") = "initiator", "initiator\initiator.vcxproj", "{562A1EF6-E650-4979-B677-CC43647631D9}"
EndProject
Project("{8BC9CEB8-8B4A-11D0-8D11-00A0C91BC942}") = "acceptor", "acceptor\acceptor.vcxproj", "{1091B773-9076-4A1D-8804-EC12470A95B3}"
EndProject
Global
	GlobalSection(SolutionConfigurationPlatforms) = preSolution
		Debug|x64 = Debug|x64
		Debug|x86 = Debug|x86
		Release|x64 = Release|x64
		Release|x86 = Release|x86
	EndGlobalSection
	GlobalSection(ProjectConfigurationPlatforms) = postSolution
		{562A1EF6-E650-4979-B677-CC43647631D9}.Debug|x64.ActiveCfg = Debug|x64
		{562A1EF6-E650-4979-B677-CC43647631D9}.Debug|x64.Build.0 = Debug|x64
		{562A1EF6-E650-4979-B677-CC43647631D9}.Debug|x86.ActiveCfg = Debug|Win32
		{562A1EF6-E650-4979-B677-CC43647631D9}.Debug|x86.Build.0 = Debug|Win32
		{562A1EF6-E650-4979-B677-CC43647631D9}.Release|x64.ActiveCfg = Release|x64
		{562A1EF6-E650-4979-B677-CC43647631D9}.Release|x64.Build.0 = Release|x64
		{562A1EF6-E650-4979-B677-CC43647631D9}.Release|x86.ActiveCfg = Release|Win32
		{562A1EF6-E650-4979-B677-CC43647631D9}.Release|x86.Build.0 = Release|Win32
		{1091B773-9076-4A1D-8804-EC12470A95B3}.Debug|x64.ActiveCfg = Debug|x64
		{1091B773-9076-4A1D-8804-EC12470A95B3}.Debug|x64.Build.0 = Debug|x64
		{1091B773-9076-4A1D-8804-EC12470A95B3}.Debug|x86.ActiveCfg = Debug|Win32
		{1091B773-9076-4A1D-8804-EC12470A95B3}.Debug|x86.Build.0 = Debug|Win32
		{1091B773-9076-4A1D-8804-EC12470A95B3}.Release|x64.ActiveCfg = Release|x64
		{1091B773-9076-4A1D-8804-EC12470A95B3}.Release|x64.Build.0 = Release|x64
		{1091B773-9076-4A1D-8804-EC12470A95B3}.Release|x86.ActiveCfg = Release|Win32
		{1091B773-9076-4A1D-8804-EC12470A95B3}.Release|x86.Build.0 = Release|Win32
	EndGlobalSection
	GlobalSection(SolutionProperties) = preSolution
		HideSolutionNode = FALSE
	EndGlobalSection
EndGlobal
